
Microsoft Visual Studio Solution File, Format Version 12.00
# Visual Studio 2012
Project("{FAE04EC0-301F-11D3-BF4B-00C04F79EFBC}") = "PortfishRT", "PortfishRT.csproj", "{C343C90A-2645-4DF1-9DAD-FAEAB22E55DF}"
EndProject
Project("{FAE04EC0-301F-11D3-BF4B-00C04F79EFBC}") = "WindowsRTTester", "WindowsRTTester\WindowsRTTester.csproj", "{F94B268A-E9B5-42E7-A196-894A388E8B2A}"
EndProject
Global
	GlobalSection(SolutionConfigurationPlatforms) = preSolution
		Debug|Any CPU = Debug|Any CPU
		Debug|ARM = Debug|ARM
		Debug|x64 = Debug|x64
		Debug|x86 = Debug|x86
		Release|Any CPU = Release|Any CPU
		Release|ARM = Release|ARM
		Release|x64 = Release|x64
		Release|x86 = Release|x86
	EndGlobalSection
	GlobalSection(ProjectConfigurationPlatforms) = postSolution
		{C343C90A-2645-4DF1-9DAD-FAEAB22E55DF}.Debug|Any CPU.ActiveCfg = Debug|Any CPU
		{C343C90A-2645-4DF1-9DAD-FAEAB22E55DF}.Debug|Any CPU.Build.0 = Debug|Any CPU
		{C343C90A-2645-4DF1-9DAD-FAEAB22E55DF}.Debug|ARM.ActiveCfg = Debug|ARM
		{C343C90A-2645-4DF1-9DAD-FAEAB22E55DF}.Debug|ARM.Build.0 = Debug|ARM
		{C343C90A-2645-4DF1-9DAD-FAEAB22E55DF}.Debug|x64.ActiveCfg = Debug|x64
		{C343C90A-2645-4DF1-9DAD-FAEAB22E55DF}.Debug|x64.Build.0 = Debug|x64
		{C343C90A-2645-4DF1-9DAD-FAEAB22E55DF}.Debug|x86.ActiveCfg = Debug|x86
		{C343C90A-2645-4DF1-9DAD-FAEAB22E55DF}.Debug|x86.Build.0 = Debug|x86
		{C343C90A-2645-4DF1-9DAD-FAEAB22E55DF}.Release|Any CPU.ActiveCfg = Release|Any CPU
		{C343C90A-2645-4DF1-9DAD-FAEAB22E55DF}.Release|Any CPU.Build.0 = Release|Any CPU
		{C343C90A-2645-4DF1-9DAD-FAEAB22E55DF}.Release|ARM.ActiveCfg = Release|ARM
		{C343C90A-2645-4DF1-9DAD-FAEAB22E55DF}.Release|ARM.Build.0 = Release|ARM
		{C343C90A-2645-4DF1-9DAD-FAEAB22E55DF}.Release|x64.ActiveCfg = Release|x64
		{C343C90A-2645-4DF1-9DAD-FAEAB22E55DF}.Release|x64.Build.0 = Release|x64
		{C343C90A-2645-4DF1-9DAD-FAEAB22E55DF}.Release|x86.ActiveCfg = Release|x86
		{C343C90A-2645-4DF1-9DAD-FAEAB22E55DF}.Release|x86.Build.0 = Release|x86
		{F94B268A-E9B5-42E7-A196-894A388E8B2A}.Debug|Any CPU.ActiveCfg = Debug|Any CPU
		{F94B268A-E9B5-42E7-A196-894A388E8B2A}.Debug|Any CPU.Build.0 = Debug|Any CPU
		{F94B268A-E9B5-42E7-A196-894A388E8B2A}.Debug|Any CPU.Deploy.0 = Debug|Any CPU
		{F94B268A-E9B5-42E7-A196-894A388E8B2A}.Debug|ARM.ActiveCfg = Debug|ARM
		{F94B268A-E9B5-42E7-A196-894A388E8B2A}.Debug|ARM.Build.0 = Debug|ARM
		{F94B268A-E9B5-42E7-A196-894A388E8B2A}.Debug|ARM.Deploy.0 = Debug|ARM
		{F94B268A-E9B5-42E7-A196-894A388E8B2A}.Debug|x64.ActiveCfg = Debug|x64
		{F94B268A-E9B5-42E7-A196-894A388E8B2A}.Debug|x64.Build.0 = Debug|x64
		{F94B268A-E9B5-42E7-A196-894A388E8B2A}.Debug|x64.Deploy.0 = Debug|x64
		{F94B268A-E9B5-42E7-A196-894A388E8B2A}.Debug|x86.ActiveCfg = Debug|x86
		{F94B268A-E9B5-42E7-A196-894A388E8B2A}.Debug|x86.Build.0 = Debug|x86
		{F94B268A-E9B5-42E7-A196-894A388E8B2A}.Debug|x86.Deploy.0 = Debug|x86
		{F94B268A-E9B5-42E7-A196-894A388E8B2A}.Release|Any CPU.ActiveCfg = Release|Any CPU
		{F94B268A-E9B5-42E7-A196-894A388E8B2A}.Release|Any CPU.Build.0 = Release|Any CPU
		{F94B268A-E9B5-42E7-A196-894A388E8B2A}.Release|Any CPU.Deploy.0 = Release|Any CPU
		{F94B268A-E9B5-42E7-A196-894A388E8B2A}.Release|ARM.ActiveCfg = Release|ARM
		{F94B268A-E9B5-42E7-A196-894A388E8B2A}.Release|ARM.Build.0 = Release|ARM
		{F94B268A-E9B5-42E7-A196-894A388E8B2A}.Release|ARM.Deploy.0 = Release|ARM
		{F94B268A-E9B5-42E7-A196-894A388E8B2A}.Release|x64.ActiveCfg = Release|x64
		{F94B268A-E9B5-42E7-A196-894A388E8B2A}.Release|x64.Build.0 = Release|x64
		{F94B268A-E9B5-42E7-A196-894A388E8B2A}.Release|x64.Deploy.0 = Release|x64
		{F94B268A-E9B5-42E7-A196-894A388E8B2A}.Release|x86.ActiveCfg = Release|x86
		{F94B268A-E9B5-42E7-A196-894A388E8B2A}.Release|x86.Build.0 = Release|x86
		{F94B268A-E9B5-42E7-A196-894A388E8B2A}.Release|x86.Deploy.0 = Release|x86
	EndGlobalSection
	GlobalSection(SolutionProperties) = preSolution
		HideSolutionNode = FALSE
	EndGlobalSection
EndGlobal
